<?xml version="1.0" encoding="utf-8"?>
<Project ToolsVersion="4.0" xmlns="http://schemas.microsoft.com/developer/msbuild/2003">
  <ItemGroup>
    <CustomBuild Include="CMakeFiles\7c4352f1e6ec9b2fc0ff5f3d1943c56f\INSTALL_force.rule">
      <Filter>CMake Rules</Filter>
    </CustomBuild>
  </ItemGroup>
  <ItemGroup>
    <Filter Include="CMake Rules">
      <UniqueIdentifier>{1869AF7C-559E-477F-9524-F85F7372BBFD}</UniqueIdentifier>
    </Filter>
  </ItemGroup>
</Project>
