
Microsoft Visual Studio Solution File, Format Version 11.00
# Visual Studio 2010
Project("{FAE04EC0-301F-11D3-BF4B-00C04F79EFBC}") = "ZadanieZNSBackpropKD", "ZadanieZNSBackpropKD\ZadanieZNSBackpropKD.csproj", "{B156CFB6-56E7-407A-92E6-3097A6A53C7D}"
EndProject
Global
	GlobalSection(SolutionConfigurationPlatforms) = preSolution
		Debug|x86 = Debug|x86
		Release|x86 = Release|x86
	EndGlobalSection
	GlobalSection(ProjectConfigurationPlatforms) = postSolution
		{B156CFB6-56E7-407A-92E6-3097A6A53C7D}.Debug|x86.ActiveCfg = Debug|x86
		{B156CFB6-56E7-407A-92E6-3097A6A53C7D}.Debug|x86.Build.0 = Debug|x86
		{B156CFB6-56E7-407A-92E6-3097A6A53C7D}.Release|x86.ActiveCfg = Release|x64
		{B156CFB6-56E7-407A-92E6-3097A6A53C7D}.Release|x86.Build.0 = Release|x64
	EndGlobalSection
	GlobalSection(SolutionProperties) = preSolution
		HideSolutionNode = FALSE
	EndGlobalSection
EndGlobal
